
Microsoft Visual Studio Solution File, Format Version 12.00
# Visual Studio Version 16
VisualStudioVersion = 16.0.29806.167
MinimumVisualStudioVersion = 10.0.40219.1
Project("{FAE04EC0-301F-11D3-BF4B-00C04F79EFBC}") = "ByteBank", "ByteBank\ByteBank.csproj", "{23D00823-1334-4B59-B113-FEC5E6C21E65}"
EndProject
Project("{FAE04EC0-301F-11D3-BF4B-00C04F79EFBC}") = "Teste SobreCarga", "Teste SobreCarga\Teste SobreCarga.csproj", "{4EEB7331-9292-43DD-97DD-742260FD1B4F}"
EndProject
Global
	GlobalSection(SolutionConfigurationPlatforms) = preSolution
		Debug|Any CPU = Debug|Any CPU
		Release|Any CPU = Release|Any CPU
	EndGlobalSection
	GlobalSection(ProjectConfigurationPlatforms) = postSolution
		{23D00823-1334-4B59-B113-FEC5E6C21E65}.Debug|Any CPU.ActiveCfg = Debug|Any CPU
		{23D00823-1334-4B59-B113-FEC5E6C21E65}.Debug|Any CPU.Build.0 = Debug|Any CPU
		{23D00823-1334-4B59-B113-FEC5E6C21E65}.Release|Any CPU.ActiveCfg = Release|Any CPU
		{23D00823-1334-4B59-B113-FEC5E6C21E65}.Release|Any CPU.Build.0 = Release|Any CPU
		{4EEB7331-9292-43DD-97DD-742260FD1B4F}.Debug|Any CPU.ActiveCfg = Debug|Any CPU
		{4EEB7331-9292-43DD-97DD-742260FD1B4F}.Debug|Any CPU.Build.0 = Debug|Any CPU
		{4EEB7331-9292-43DD-97DD-742260FD1B4F}.Release|Any CPU.ActiveCfg = Release|Any CPU
		{4EEB7331-9292-43DD-97DD-742260FD1B4F}.Release|Any CPU.Build.0 = Release|Any CPU
	EndGlobalSection
	GlobalSection(SolutionProperties) = preSolution
		HideSolutionNode = FALSE
	EndGlobalSection
	GlobalSection(ExtensibilityGlobals) = postSolution
		SolutionGuid = {6DCFE404-F7E5-4433-8374-678E4DB51D2E}
	EndGlobalSection
EndGlobal
